Microsoft Visual Studio Solution File, Format Version 11.00
# Visual Studio 2008

Project("{228E50E0-9DA8-9BAD-1B1F-4456130D58A2}") = "UnityClient", "Assembly-CSharp-vs.csproj", "{0543EFA2-2E88-A28A-F18B-826A10719C84}"
EndProject
Project("{228E50E0-9DA8-9BAD-1B1F-4456130D58A2}") = "UnityClient", "Assembly-CSharp-Editor-vs.csproj", "{C07AB50A-B2CC-1F79-23D0-7F428F0E8BAA}"
EndProject
Global
	GlobalSection(SolutionConfigurationPlatforms) = preSolution
		Debug|Any CPU = Debug|Any CPU
		Release|Any CPU = Release|Any CPU
	EndGlobalSection
	GlobalSection(ProjectConfigurationPlatforms) = postSolution
		{0543EFA2-2E88-A28A-F18B-826A10719C84}.Debug|Any CPU.ActiveCfg = Debug|Any CPU
		{0543EFA2-2E88-A28A-F18B-826A10719C84}.Debug|Any CPU.Build.0 = Debug|Any CPU
		{0543EFA2-2E88-A28A-F18B-826A10719C84}.Release|Any CPU.ActiveCfg = Release|Any CPU
		{0543EFA2-2E88-A28A-F18B-826A10719C84}.Release|Any CPU.Build.0 = Release|Any CPU
		{C07AB50A-B2CC-1F79-23D0-7F428F0E8BAA}.Debug|Any CPU.ActiveCfg = Debug|Any CPU
		{C07AB50A-B2CC-1F79-23D0-7F428F0E8BAA}.Debug|Any CPU.Build.0 = Debug|Any CPU
		{C07AB50A-B2CC-1F79-23D0-7F428F0E8BAA}.Release|Any CPU.ActiveCfg = Release|Any CPU
		{C07AB50A-B2CC-1F79-23D0-7F428F0E8BAA}.Release|Any CPU.Build.0 = Release|Any CPU
	EndGlobalSection
	GlobalSection(SolutionProperties) = preSolution
		HideSolutionNode = FALSE
	EndGlobalSection
																																			GlobalSection(MonoDevelopProperties) = preSolution
		StartupItem = Assembly-CSharp.csproj
		Policies = $0
		$0.TextStylePolicy = $1
		$1.inheritsSet = null
		$1.scope = text/x-csharp
		$0.CSharpFormattingPolicy = $2
		$2.inheritsSet = Mono
		$2.inheritsScope = text/x-csharp
		$2.scope = text/x-csharp
		$0.TextStylePolicy = $3
		$3.FileWidth = 120
		$3.TabWidth = 4
		$3.EolMarker = Unix
		$3.inheritsSet = Mono
		$3.inheritsScope = text/plain
		$3.scope = text/plain
	EndGlobalSection

EndGlobal
