
Microsoft Visual Studio Solution File, Format Version 12.00
# Visual Studio 14
VisualStudioVersion = 14.0.25420.1
MinimumVisualStudioVersion = 10.0.40219.1
Project("{FAE04EC0-301F-11D3-BF4B-00C04F79EFBC}") = "UnityClient", "UnityClient.csproj", "{2E26F8E6-DB3F-FB89-8561-F82AC4B59AE4}"
EndProject
Project("{FAE04EC0-301F-11D3-BF4B-00C04F79EFBC}") = "UnityClient.Editor", "UnityClient.Editor.csproj", "{ECFB3921-63C2-15C9-E4FA-9E274D6FAAA6}"
EndProject
Global
	GlobalSection(SolutionConfigurationPlatforms) = preSolution
		Debug|Any CPU = Debug|Any CPU
		Release|Any CPU = Release|Any CPU
	EndGlobalSection
	GlobalSection(ProjectConfigurationPlatforms) = postSolution
		{2E26F8E6-DB3F-FB89-8561-F82AC4B59AE4}.Debug|Any CPU.ActiveCfg = Debug|Any CPU
		{2E26F8E6-DB3F-FB89-8561-F82AC4B59AE4}.Debug|Any CPU.Build.0 = Debug|Any CPU
		{2E26F8E6-DB3F-FB89-8561-F82AC4B59AE4}.Release|Any CPU.ActiveCfg = Release|Any CPU
		{2E26F8E6-DB3F-FB89-8561-F82AC4B59AE4}.Release|Any CPU.Build.0 = Release|Any CPU
		{ECFB3921-63C2-15C9-E4FA-9E274D6FAAA6}.Debug|Any CPU.ActiveCfg = Debug|Any CPU
		{ECFB3921-63C2-15C9-E4FA-9E274D6FAAA6}.Debug|Any CPU.Build.0 = Debug|Any CPU
		{ECFB3921-63C2-15C9-E4FA-9E274D6FAAA6}.Release|Any CPU.ActiveCfg = Release|Any CPU
		{ECFB3921-63C2-15C9-E4FA-9E274D6FAAA6}.Release|Any CPU.Build.0 = Release|Any CPU
	EndGlobalSection
	GlobalSection(SolutionProperties) = preSolution
		HideSolutionNode = FALSE
	EndGlobalSection
EndGlobal
